// !$*UTF8*$!
{
	archiveVersion = 1;
	classes = {
	};
	objectVersion = 48;
	objects = {

/* Begin PBXBuildFile section */
		186101132039B0ED00DA7DEA /* DetailsVC.swift in Sources */ = {isa = PBXBuildFile; fileRef = 186101122039B0ED00DA7DEA /* DetailsVC.swift */; };
		186101152039B13B00DA7DEA /* Constants.swift in Sources */ = {isa = PBXBuildFile; fileRef = 186101142039B13B00DA7DEA /* Constants.swift */; };
		186AAE2D2039A15800A39BF4 /* AppDelegate.swift in Sources */ = {isa = PBXBuildFile; fileRef = 186AAE2C2039A15800A39BF4 /* AppDelegate.swift */; };
		186AAE2F2039A15800A39BF4 /* QuotesVC.swift in Sources */ = {isa = PBXBuildFile; fileRef = 186AAE2E2039A15800A39BF4 /* QuotesVC.swift */; };
		186AAE322039A15800A39BF4 /* Main.storyboard in Resources */ = {isa = PBXBuildFile; fileRef = 186AAE302039A15800A39BF4 /* Main.storyboard */; };
		186AAE342039A15800A39BF4 /* Assets.xcassets in Resources */ = {isa = PBXBuildFile; fileRef = 186AAE332039A15800A39BF4 /* Assets.xcassets */; };
		186AAE372039A15800A39BF4 /* LaunchScreen.storyboard in Resources */ = {isa = PBXBuildFile; fileRef = 186AAE352039A15800A39BF4 /* LaunchScreen.storyboard */; };
		186B0EE42039A52A004A9B25 /* QuotesCell.swift in Sources */ = {isa = PBXBuildFile; fileRef = 186B0EE32039A52A004A9B25 /* QuotesCell.swift */; };
		186B0EE62039A53F004A9B25 /* Quote.swift in Sources */ = {isa = PBXBuildFile; fileRef = 186B0EE52039A53F004A9B25 /* Quote.swift */; };
/* End PBXBuildFile section */

/* Begin PBXFileReference section */
		186101122039B0ED00DA7DEA /* DetailsVC.swift */ = {isa = PBXFileReference; lastKnownFileType = sourcecode.swift; path = DetailsVC.swift; sourceTree = "<group>"; };
		186101142039B13B00DA7DEA /* Constants.swift */ = {isa = PBXFileReference; lastKnownFileType = sourcecode.swift; path = Constants.swift; sourceTree = "<group>"; };
		186AAE292039A15800A39BF4 /* PassDataTableView.app */ = {isa = PBXFileReference; explicitFileType = wrapper.application; includeInIndex = 0; path = PassDataTableView.app; sourceTree = BUILT_PRODUCTS_DIR; };
		186AAE2C2039A15800A39BF4 /* AppDelegate.swift */ = {isa = PBXFileReference; lastKnownFileType = sourcecode.swift; path = AppDelegate.swift; sourceTree = "<group>"; };
		186AAE2E2039A15800A39BF4 /* QuotesVC.swift */ = {isa = PBXFileReference; lastKnownFileType = sourcecode.swift; path = QuotesVC.swift; sourceTree = "<group>"; };
		186AAE312039A15800A39BF4 /* Base */ = {isa = PBXFileReference; lastKnownFileType = file.storyboard; name = Base; path = Base.lproj/Main.storyboard; sourceTree = "<group>"; };
		186AAE332039A15800A39BF4 /* Assets.xcassets */ = {isa = PBXFileReference; lastKnownFileType = folder.assetcatalog; path = Assets.xcassets; sourceTree = "<group>"; };
		186AAE362039A15800A39BF4 /* Base */ = {isa = PBXFileReference; lastKnownFileType = file.storyboard; name = Base; path = Base.lproj/LaunchScreen.storyboard; sourceTree = "<group>"; };
		186AAE382039A15800A39BF4 /* Info.plist */ = {isa = PBXFileReference; lastKnownFileType = text.plist.xml; path = Info.plist; sourceTree = "<group>"; };
		186B0EE32039A52A004A9B25 /* QuotesCell.swift */ = {isa = PBXFileReference; lastKnownFileType = sourcecode.swift; path = QuotesCell.swift; sourceTree = "<group>"; };
		186B0EE52039A53F004A9B25 /* Quote.swift */ = {isa = PBXFileReference; lastKnownFileType = sourcecode.swift; path = Quote.swift; sourceTree = "<group>"; };
/* End PBXFileReference section */

/* Begin PBXFrameworksBuildPhase section */
		186AAE262039A15800A39BF4 /* Frameworks */ = {
			isa = PBXFrameworksBuildPhase;
			buildActionMask = 2147483647;
			files = (
			);
			runOnlyForDeploymentPostprocessing = 0;
		};
/* End PBXFrameworksBuildPhase section */

/* Begin PBXGroup section */
		186101162039B13F00DA7DEA /* Utilities */ = {
			isa = PBXGroup;
			children = (
				186101142039B13B00DA7DEA /* Constants.swift */,
			);
			path = Utilities;
			sourceTree = "<group>";
		};
		186AAE202039A15800A39BF4 = {
			isa = PBXGroup;
			children = (
				186AAE2B2039A15800A39BF4 /* PassDataTableView */,
				186AAE2A2039A15800A39BF4 /* Products */,
			);
			sourceTree = "<group>";
		};
		186AAE2A2039A15800A39BF4 /* Products */ = {
			isa = PBXGroup;
			children = (
				186AAE292039A15800A39BF4 /* PassDataTableView.app */,
			);
			name = Products;
			sourceTree = "<group>";
		};
		186AAE2B2039A15800A39BF4 /* PassDataTableView */ = {
			isa = PBXGroup;
			children = (
				186AAE2C2039A15800A39BF4 /* AppDelegate.swift */,
				186101162039B13F00DA7DEA /* Utilities */,
				186B0EE92039A553004A9B25 /* Model */,
				186B0EE82039A54E004A9B25 /* View */,
				186B0EE72039A546004A9B25 /* Controllers */,
				186AAE302039A15800A39BF4 /* Main.storyboard */,
				186AAE332039A15800A39BF4 /* Assets.xcassets */,
				186AAE352039A15800A39BF4 /* LaunchScreen.storyboard */,
				186AAE382039A15800A39BF4 /* Info.plist */,
			);
			path = PassDataTableView;
			sourceTree = "<group>";
		};
		186B0EE72039A546004A9B25 /* Controllers */ = {
			isa = PBXGroup;
			children = (
				186AAE2E2039A15800A39BF4 /* QuotesVC.swift */,
				186101122039B0ED00DA7DEA /* DetailsVC.swift */,
			);
			path = Controllers;
			sourceTree = "<group>";
		};
		186B0EE82039A54E004A9B25 /* View */ = {
			isa = PBXGroup;
			children = (
				186B0EE32039A52A004A9B25 /* QuotesCell.swift */,
			);
			path = View;
			sourceTree = "<group>";
		};
		186B0EE92039A553004A9B25 /* Model */ = {
			isa = PBXGroup;
			children = (
				186B0EE52039A53F004A9B25 /* Quote.swift */,
			);
			path = Model;
			sourceTree = "<group>";
		};
/* End PBXGroup section */

/* Begin PBXNativeTarget section */
		186AAE282039A15800A39BF4 /* PassDataTableView */ = {
			isa = PBXNativeTarget;
			buildConfigurationList = 186AAE3B2039A15800A39BF4 /* Build configuration list for PBXNativeTarget "PassDataTableView" */;
			buildPhases = (
				186AAE252039A15800A39BF4 /* Sources */,
				186AAE262039A15800A39BF4 /* Frameworks */,
				186AAE272039A15800A39BF4 /* Resources */,
			);
			buildRules = (
			);
			dependencies = (
			);
			name = PassDataTableView;
			productName = PassDataTableView;
			productReference = 186AAE292039A15800A39BF4 /* PassDataTableView.app */;
			productType = "com.apple.product-type.application";
		};
/* End PBXNativeTarget section */

/* Begin PBXProject section */
		186AAE212039A15800A39BF4 /* Project object */ = {
			isa = PBXProject;
			attributes = {
				LastSwiftUpdateCheck = 0920;
				LastUpgradeCheck = 0920;
				ORGANIZATIONNAME = WowDreamApps;
				TargetAttributes = {
					186AAE282039A15800A39BF4 = {
						CreatedOnToolsVersion = 9.2;
						ProvisioningStyle = Automatic;
					};
				};
			};
			buildConfigurationList = 186AAE242039A15800A39BF4 /* Build configuration list for PBXProject "PassDataTableView" */;
			compatibilityVersion = "Xcode 8.0";
			developmentRegion = en;
			hasScannedForEncodings = 0;
			knownRegions = (
				en,
				Base,
			);
			mainGroup = 186AAE202039A15800A39BF4;
			productRefGroup = 186AAE2A2039A15800A39BF4 /* Products */;
			projectDirPath = "";
			projectRoot = "";
			targets = (
				186AAE282039A15800A39BF4 /* PassDataTableView */,
			);
		};
/* End PBXProject section */

/* Begin PBXResourcesBuildPhase section */
		186AAE272039A15800A39BF4 /* Resources */ = {
			isa = PBXResourcesBuildPhase;
			buildActionMask = 2147483647;
			files = (
				186AAE372039A15800A39BF4 /* LaunchScreen.storyboard in Resources */,
				186AAE342039A15800A39BF4 /* Assets.xcassets in Resources */,
				186AAE322039A15800A39BF4 /* Main.storyboard in Resources */,
			);
			runOnlyForDeploymentPostprocessing = 0;
		};
/* End PBXResourcesBuildPhase section */

/* Begin PBXSourcesBuildPhase section */
		186AAE252039A15800A39BF4 /* Sources */ = {
			isa = PBXSourcesBuildPhase;
			buildActionMask = 2147483647;
			files = (
				186B0EE62039A53F004A9B25 /* Quote.swift in Sources */,
				186AAE2F2039A15800A39BF4 /* QuotesVC.swift in Sources */,
				186AAE2D2039A15800A39BF4 /* AppDelegate.swift in Sources */,
				186B0EE42039A52A004A9B25 /* QuotesCell.swift in Sources */,
				186101132039B0ED00DA7DEA /* DetailsVC.swift in Sources */,
				186101152039B13B00DA7DEA /* Constants.swift in Sources */,
			);
			runOnlyForDeploymentPostprocessing = 0;
		};
/* End PBXSourcesBuildPhase section */

/* Begin PBXVariantGroup section */
		186AAE302039A15800A39BF4 /* Main.storyboard */ = {
			isa = PBXVariantGroup;
			children = (
				186AAE312039A15800A39BF4 /* Base */,
			);
			name = Main.storyboard;
			sourceTree = "<group>";
		};
		186AAE352039A15800A39BF4 /* LaunchScreen.storyboard */ = {
			isa = PBXVariantGroup;
			children = (
				186AAE362039A15800A39BF4 /* Base */,
			);
			name = LaunchScreen.storyboard;
			sourceTree = "<group>";
		};
/* End PBXVariantGroup section */

/* Begin XCBuildConfiguration section */
		186AAE392039A15800A39BF4 /* Debug */ = {
			isa = XCBuildConfiguration;
			buildSettings = {
				ALWAYS_SEARCH_USER_PATHS = NO;
				CLANG_ANALYZER_NONNULL = YES;
				CLANG_ANALYZER_NUMBER_OBJECT_CONVERSION = YES_AGGRESSIVE;
				CLANG_CXX_LANGUAGE_STANDARD = "gnu++14";
				CLANG_CXX_LIBRARY = "libc++";
				CLANG_ENABLE_MODULES = YES;
				CLANG_ENABLE_OBJC_ARC = YES;
				CLANG_WARN_BLOCK_CAPTURE_AUTORELEASING = YES;
				CLANG_WARN_BOOL_CONVERSION = YES;
				CLANG_WARN_COMMA = YES;
				CLANG_WARN_CONSTANT_CONVERSION = YES;
				CLANG_WARN_DIRECT_OBJC_ISA_USAGE = YES_ERROR;
				CLANG_WARN_DOCUMENTATION_COMMENTS = YES;
				CLANG_WARN_EMPTY_BODY = YES;
				CLANG_WARN_ENUM_CONVERSION = YES;
				CLANG_WARN_INFINITE_RECURSION = YES;
				CLANG_WARN_INT_CONVERSION = YES;
				CLANG_WARN_NON_LITERAL_NULL_CONVERSION = YES;
				CLANG_WARN_OBJC_LITERAL_CONVERSION = YES;
				CLANG_WARN_OBJC_ROOT_CLASS = YES_ERROR;
				CLANG_WARN_RANGE_LOOP_ANALYSIS = YES;
				CLANG_WARN_STRICT_PROTOTYPES = YES;
				CLANG_WARN_SUSPICIOUS_MOVE = YES;
				CLANG_WARN_UNGUARDED_AVAILABILITY = YES_AGGRESSIVE;
				CLANG_WARN_UNREACHABLE_CODE = YES;
				CLANG_WARN__DUPLICATE_METHOD_MATCH = YES;
				CODE_SIGN_IDENTITY = "iPhone Developer";
				COPY_PHASE_STRIP = NO;
				DEBUG_INFORMATION_FORMAT = dwarf;
				ENABLE_STRICT_OBJC_MSGSEND = YES;
				ENABLE_TESTABILITY = YES;
				GCC_C_LANGUAGE_STANDARD = gnu11;
				GCC_DYNAMIC_NO_PIC = NO;
				GCC_NO_COMMON_BLOCKS = YES;
				GCC_OPTIMIZATION_LEVEL = 0;
				GCC_PREPROCESSOR_DEFINITIONS = (
					"DEBUG=1",
					"$(inherited)",
				);
				GCC_WARN_64_TO_32_BIT_CONVERSION = YES;
				GCC_WARN_ABOUT_RETURN_TYPE = YES_ERROR;
				GCC_WARN_UNDECLARED_SELECTOR = YES;
				GCC_WARN_UNINITIALIZED_AUTOS = YES_AGGRESSIVE;
				GCC_WARN_UNUSED_FUNCTION = YES;
				GCC_WARN_UNUSED_VARIABLE = YES;
				IPHONEOS_DEPLOYMENT_TARGET = 11.2;
				MTL_ENABLE_DEBUG_INFO = YES;
				ONLY_ACTIVE_ARCH = YES;
				SDKROOT = iphoneos;
				SWIFT_ACTIVE_COMPILATION_CONDITIONS = DEBUG;
				SWIFT_OPTIMIZATION_LEVEL = "-Onone";
			};
			name = Debug;
		};
		186AAE3A2039A15800A39BF4 /* Release */ = {
			isa = XCBuildConfiguration;
			buildSettings = {
				ALWAYS_SEARCH_USER_PATHS = NO;
				CLANG_ANALYZER_NONNULL = YES;
				CLANG_ANALYZER_NUMBER_OBJECT_CONVERSION = YES_AGGRESSIVE;
				CLANG_CXX_LANGUAGE_STANDARD = "gnu++14";
				CLANG_CXX_LIBRARY = "libc++";
				CLANG_ENABLE_MODULES = YES;
				CLANG_ENABLE_OBJC_ARC = YES;
				CLANG_WARN_BLOCK_CAPTURE_AUTORELEASING = YES;
				CLANG_WARN_BOOL_CONVERSION = YES;
				CLANG_WARN_COMMA = YES;
				CLANG_WARN_CONSTANT_CONVERSION = YES;
				CLANG_WARN_DIRECT_OBJC_ISA_USAGE = YES_ERROR;
				CLANG_WARN_DOCUMENTATION_COMMENTS = YES;
				CLANG_WARN_EMPTY_BODY = YES;
				CLANG_WARN_ENUM_CONVERSION = YES;
				CLANG_WARN_INFINITE_RECURSION = YES;
				CLANG_WARN_INT_CONVERSION = YES;
				CLANG_WARN_NON_LITERAL_NULL_CONVERSION = YES;
				CLANG_WARN_OBJC_LITERAL_CONVERSION = YES;
				CLANG_WARN_OBJC_ROOT_CLASS = YES_ERROR;
				CLANG_WARN_RANGE_LOOP_ANALYSIS = YES;
				CLANG_WARN_STRICT_PROTOTYPES = YES;
				CLANG_WARN_SUSPICIOUS_MOVE = YES;
				CLANG_WARN_UNGUARDED_AVAILABILITY = YES_AGGRESSIVE;
				CLANG_WARN_UNREACHABLE_CODE = YES;
				CLANG_WARN__DUPLICATE_METHOD_MATCH = YES;
				CODE_SIGN_IDENTITY = "iPhone Developer";
				COPY_PHASE_STRIP = NO;
				DEBUG_INFORMATION_FORMAT = "dwarf-with-dsym";
				ENABLE_NS_ASSERTIONS = NO;
				ENABLE_STRICT_OBJC_MSGSEND = YES;
				GCC_C_LANGUAGE_STANDARD = gnu11;
				GCC_NO_COMMON_BLOCKS = YES;
				GCC_WARN_64_TO_32_BIT_CONVERSION = YES;
				GCC_WARN_ABOUT_RETURN_TYPE = YES_ERROR;
				GCC_WARN_UNDECLARED_SELECTOR = YES;
				GCC_WARN_UNINITIALIZED_AUTOS = YES_AGGRESSIVE;
				GCC_WARN_UNUSED_FUNCTION = YES;
				GCC_WARN_UNUSED_VARIABLE = YES;
				IPHONEOS_DEPLOYMENT_TARGET = 11.2;
				MTL_ENABLE_DEBUG_INFO = NO;
				SDKROOT = iphoneos;
				SWIFT_OPTIMIZATION_LEVEL = "-Owholemodule";
				VALIDATE_PRODUCT = YES;
			};
			name = Release;
		};
		186AAE3C2039A15800A39BF4 /* Debug */ = {
			isa = XCBuildConfiguration;
			buildSettings = {
				ASSETCATALOG_COMPILER_APPICON_NAME = AppIcon;
				CODE_SIGN_STYLE = Automatic;
				DEVELOPMENT_TEAM = 5Q83Y4W332;
				INFOPLIST_FILE = PassDataTableView/Info.plist;
				LD_RUNPATH_SEARCH_PATHS = "$(inherited) @executable_path/Frameworks";
				PRODUCT_BUNDLE_IDENTIFIER = com.wowDreamApps.PassDataTableView;
				PRODUCT_NAME = "$(TARGET_NAME)";
				SWIFT_VERSION = 4.0;
				TARGETED_DEVICE_FAMILY = "1,2";
			};
			name = Debug;
		};
		186AAE3D2039A15800A39BF4 /* Release */ = {
			isa = XCBuildConfiguration;
			buildSettings = {
				ASSETCATALOG_COMPILER_APPICON_NAME = AppIcon;
				CODE_SIGN_STYLE = Automatic;
				DEVELOPMENT_TEAM = 5Q83Y4W332;
				INFOPLIST_FILE = PassDataTableView/Info.plist;
				LD_RUNPATH_SEARCH_PATHS = "$(inherited) @executable_path/Frameworks";
				PRODUCT_BUNDLE_IDENTIFIER = com.wowDreamApps.PassDataTableView;
				PRODUCT_NAME = "$(TARGET_NAME)";
				SWIFT_VERSION = 4.0;
				TARGETED_DEVICE_FAMILY = "1,2";
			};
			name = Release;
		};
/* End XCBuildConfiguration section */

/* Begin XCConfigurationList section */
		186AAE242039A15800A39BF4 /* Build configuration list for PBXProject "PassDataTableView" */ = {
			isa = XCConfigurationList;
			buildConfigurations = (
				186AAE392039A15800A39BF4 /* Debug */,
				186AAE3A2039A15800A39BF4 /* Release */,
			);
			defaultConfigurationIsVisible = 0;
			defaultConfigurationName = Release;
		};
		186AAE3B2039A15800A39BF4 /* Build configuration list for PBXNativeTarget "PassDataTableView" */ = {
			isa = XCConfigurationList;
			buildConfigurations = (
				186AAE3C2039A15800A39BF4 /* Debug */,
				186AAE3D2039A15800A39BF4 /* Release */,
			);
			defaultConfigurationIsVisible = 0;
			defaultConfigurationName = Release;
		};
/* End XCConfigurationList section */
	};
	rootObject = 186AAE212039A15800A39BF4 /* Project object */;
}
